
Microsoft Visual Studio Solution File, Format Version 12.00
# Visual Studio 2013
VisualStudioVersion = 12.0.40629.0
MinimumVisualStudioVersion = 10.0.40219.1
Project("{FAE04EC0-301F-11D3-BF4B-00C04F79EFBC}") = "StatePattern", "StatePattern\StatePattern.csproj", "{740F16A1-1ECC-48C0-B5D6-5F293FB675F7}"
EndProject
Global
	GlobalSection(SolutionConfigurationPlatforms) = preSolution
		Debug|Any CPU = Debug|Any CPU
		Release|Any CPU = Release|Any CPU
	EndGlobalSection
	GlobalSection(ProjectConfigurationPlatforms) = postSolution
		{740F16A1-1ECC-48C0-B5D6-5F293FB675F7}.Debug|Any CPU.ActiveCfg = Debug|Any CPU
		{740F16A1-1ECC-48C0-B5D6-5F293FB675F7}.Debug|Any CPU.Build.0 = Debug|Any CPU
		{740F16A1-1ECC-48C0-B5D6-5F293FB675F7}.Release|Any CPU.ActiveCfg = Release|Any CPU
		{740F16A1-1ECC-48C0-B5D6-5F293FB675F7}.Release|Any CPU.Build.0 = Release|Any CPU
	EndGlobalSection
	GlobalSection(SolutionProperties) = preSolution
		HideSolutionNode = FALSE
	EndGlobalSection
EndGlobal
